
Microsoft Visual Studio Solution File, Format Version 12.00
# Visual Studio 14
VisualStudioVersion = 14.0.25420.1
MinimumVisualStudioVersion = 10.0.40219.1
Project("{8BC9CEB8-8B4A-11D0-8D11-00A0C91BC942}") = "Sets", "Sets\Sets.vcxproj", "{6D86256E-B745-4EC9-94BC-A7BB8486701E}"
EndProject
Project("{8BC9CEB8-8B4A-11D0-8D11-00A0C91BC942}") = "Sets2", "Sets2\Sets2.vcxproj", "{18DE9A7D-558C-414A-AC4E-39A7AB65FE7E}"
EndProject
Project("{8BC9CEB8-8B4A-11D0-8D11-00A0C91BC942}") = "MiniMax", "MiniMax\MiniMax.vcxproj", "{1DE85197-D11C-497C-9D91-3D7D0BE935EE}"
EndProject
Project("{8BC9CEB8-8B4A-11D0-8D11-00A0C91BC942}") = "Indexes", "Indexes\Indexes.vcxproj", "{939A1C10-B178-4009-918C-9C5473C5BB44}"
EndProject
Project("{8BC9CEB8-8B4A-11D0-8D11-00A0C91BC942}") = "Task", "Task_my\Task_my.vcxproj", "{8EEE299E-2DB3-44A5-8831-7AF71EC24AE8}"
EndProject
Project("{8BC9CEB8-8B4A-11D0-8D11-00A0C91BC942}") = "ArrayShift", "ArrayShift\ArrayShift.vcxproj", "{35C27D4D-6791-45AA-A1F4-ACA6EB25FB13}"
EndProject
Global
	GlobalSection(SolutionConfigurationPlatforms) = preSolution
		Debug|x64 = Debug|x64
		Debug|x86 = Debug|x86
		Release|x64 = Release|x64
		Release|x86 = Release|x86
	EndGlobalSection
	GlobalSection(ProjectConfigurationPlatforms) = postSolution
		{6D86256E-B745-4EC9-94BC-A7BB8486701E}.Debug|x64.ActiveCfg = Debug|x64
		{6D86256E-B745-4EC9-94BC-A7BB8486701E}.Debug|x64.Build.0 = Debug|x64
		{6D86256E-B745-4EC9-94BC-A7BB8486701E}.Debug|x86.ActiveCfg = Debug|Win32
		{6D86256E-B745-4EC9-94BC-A7BB8486701E}.Debug|x86.Build.0 = Debug|Win32
		{6D86256E-B745-4EC9-94BC-A7BB8486701E}.Release|x64.ActiveCfg = Release|x64
		{6D86256E-B745-4EC9-94BC-A7BB8486701E}.Release|x64.Build.0 = Release|x64
		{6D86256E-B745-4EC9-94BC-A7BB8486701E}.Release|x86.ActiveCfg = Release|Win32
		{6D86256E-B745-4EC9-94BC-A7BB8486701E}.Release|x86.Build.0 = Release|Win32
		{18DE9A7D-558C-414A-AC4E-39A7AB65FE7E}.Debug|x64.ActiveCfg = Debug|x64
		{18DE9A7D-558C-414A-AC4E-39A7AB65FE7E}.Debug|x64.Build.0 = Debug|x64
		{18DE9A7D-558C-414A-AC4E-39A7AB65FE7E}.Debug|x86.ActiveCfg = Debug|Win32
		{18DE9A7D-558C-414A-AC4E-39A7AB65FE7E}.Debug|x86.Build.0 = Debug|Win32
		{18DE9A7D-558C-414A-AC4E-39A7AB65FE7E}.Release|x64.ActiveCfg = Release|x64
		{18DE9A7D-558C-414A-AC4E-39A7AB65FE7E}.Release|x64.Build.0 = Release|x64
		{18DE9A7D-558C-414A-AC4E-39A7AB65FE7E}.Release|x86.ActiveCfg = Release|Win32
		{18DE9A7D-558C-414A-AC4E-39A7AB65FE7E}.Release|x86.Build.0 = Release|Win32
		{1DE85197-D11C-497C-9D91-3D7D0BE935EE}.Debug|x64.ActiveCfg = Debug|x64
		{1DE85197-D11C-497C-9D91-3D7D0BE935EE}.Debug|x64.Build.0 = Debug|x64
		{1DE85197-D11C-497C-9D91-3D7D0BE935EE}.Debug|x86.ActiveCfg = Debug|Win32
		{1DE85197-D11C-497C-9D91-3D7D0BE935EE}.Debug|x86.Build.0 = Debug|Win32
		{1DE85197-D11C-497C-9D91-3D7D0BE935EE}.Release|x64.ActiveCfg = Release|x64
		{1DE85197-D11C-497C-9D91-3D7D0BE935EE}.Release|x64.Build.0 = Release|x64
		{1DE85197-D11C-497C-9D91-3D7D0BE935EE}.Release|x86.ActiveCfg = Release|Win32
		{1DE85197-D11C-497C-9D91-3D7D0BE935EE}.Release|x86.Build.0 = Release|Win32
		{939A1C10-B178-4009-918C-9C5473C5BB44}.Debug|x64.ActiveCfg = Debug|x64
		{939A1C10-B178-4009-918C-9C5473C5BB44}.Debug|x64.Build.0 = Debug|x64
		{939A1C10-B178-4009-918C-9C5473C5BB44}.Debug|x86.ActiveCfg = Debug|Win32
		{939A1C10-B178-4009-918C-9C5473C5BB44}.Debug|x86.Build.0 = Debug|Win32
		{939A1C10-B178-4009-918C-9C5473C5BB44}.Release|x64.ActiveCfg = Release|x64
		{939A1C10-B178-4009-918C-9C5473C5BB44}.Release|x64.Build.0 = Release|x64
		{939A1C10-B178-4009-918C-9C5473C5BB44}.Release|x86.ActiveCfg = Release|Win32
		{939A1C10-B178-4009-918C-9C5473C5BB44}.Release|x86.Build.0 = Release|Win32
		{8EEE299E-2DB3-44A5-8831-7AF71EC24AE8}.Debug|x64.ActiveCfg = Debug|x64
		{8EEE299E-2DB3-44A5-8831-7AF71EC24AE8}.Debug|x64.Build.0 = Debug|x64
		{8EEE299E-2DB3-44A5-8831-7AF71EC24AE8}.Debug|x86.ActiveCfg = Debug|Win32
		{8EEE299E-2DB3-44A5-8831-7AF71EC24AE8}.Debug|x86.Build.0 = Debug|Win32
		{8EEE299E-2DB3-44A5-8831-7AF71EC24AE8}.Release|x64.ActiveCfg = Release|x64
		{8EEE299E-2DB3-44A5-8831-7AF71EC24AE8}.Release|x64.Build.0 = Release|x64
		{8EEE299E-2DB3-44A5-8831-7AF71EC24AE8}.Release|x86.ActiveCfg = Release|Win32
		{8EEE299E-2DB3-44A5-8831-7AF71EC24AE8}.Release|x86.Build.0 = Release|Win32
		{35C27D4D-6791-45AA-A1F4-ACA6EB25FB13}.Debug|x64.ActiveCfg = Debug|x64
		{35C27D4D-6791-45AA-A1F4-ACA6EB25FB13}.Debug|x64.Build.0 = Debug|x64
		{35C27D4D-6791-45AA-A1F4-ACA6EB25FB13}.Debug|x86.ActiveCfg = Debug|Win32
		{35C27D4D-6791-45AA-A1F4-ACA6EB25FB13}.Debug|x86.Build.0 = Debug|Win32
		{35C27D4D-6791-45AA-A1F4-ACA6EB25FB13}.Release|x64.ActiveCfg = Release|x64
		{35C27D4D-6791-45AA-A1F4-ACA6EB25FB13}.Release|x64.Build.0 = Release|x64
		{35C27D4D-6791-45AA-A1F4-ACA6EB25FB13}.Release|x86.ActiveCfg = Release|Win32
		{35C27D4D-6791-45AA-A1F4-ACA6EB25FB13}.Release|x86.Build.0 = Release|Win32
	EndGlobalSection
	GlobalSection(SolutionProperties) = preSolution
		HideSolutionNode = FALSE
	EndGlobalSection
	GlobalSection(ExtensibilityGlobals) = postSolution
		SolutionGuid = {15A56FA7-6166-4296-9C95-E9EF4EA08D1D}
	EndGlobalSection
EndGlobal
